hash: 3320b4e5babe9a256cb12c3d40b39942d2118bb4f90e14d576da2184a922578d
updated: 2018-12-10T18:44:46.765960118Z
imports:
- name: cloud.google.com/go
  version: 2a912322007f3a7f0b4e7e96ba0dfd8c4f347d33
  subpackages:
  - compute/metadata
- name: github.com/envoyproxy/data-plane-api
  version: 4406edd4e29f5b7e254bdee75ef6354fdf756eb3
- name: github.com/envoyproxy/go-control-plane
  version: 691ef0a390474a85401ce3ea90d060110018b9b9
  subpackages:
  - envoy/api/v2
  - envoy/api/v2/auth
  - envoy/api/v2/cluster
  - envoy/api/v2/core
  - envoy/api/v2/endpoint
  - envoy/api/v2/listener
  - envoy/api/v2/route
  - envoy/config/filter/accesslog/v2
  - envoy/config/filter/http/jwt_authn/v2alpha
  - envoy/config/filter/http/transcoder/v2
  - envoy/config/filter/network/http_connection_manager/v2
  - envoy/service/discovery/v2
  - envoy/type
  - pkg/cache
  - pkg/log
  - pkg/server
  - pkg/util
- name: github.com/gogo/googleapis
  version: 0cd9801be74a10d5ac39d69626eac8255ffcd502
  subpackages:
  - google/api
  - google/rpc
- name: github.com/gogo/protobuf
  version: 636bf0302bc95575d69441b25a2603156ffdddf1
  subpackages:
  - gogoproto
  - jsonpb
  - proto
  - protoc-gen-gogo/descriptor
  - protoc-gen-gogofast
  - sortkeys
  - types
- name: github.com/golang/glog
  version: 23def4e6c14b4da8ac2ed8007337bc5eb5007998
- name: github.com/golang/protobuf
  version: 1918e1ff6ffd2be7bed0553df8650672c3bfe80d
  subpackages:
  - jsonpb
  - proto
  - protoc-gen-go/descriptor
  - ptypes
  - ptypes/any
  - ptypes/duration
  - ptypes/empty
  - ptypes/struct
  - ptypes/timestamp
  - ptypes/wrappers
- name: github.com/google/go-genproto
  version: c830210a61dfaa790e1920f8d0470fc27bc2efbe
  subpackages:
  - googleapis/api/servicemanagement/v1
- name: github.com/gorilla/mux
  version: 3d80bc801bb034e17cae38591335b3b1110f1c47
- name: github.com/lyft/protoc-gen-validate
  version: f9d2b11e44149635b23a002693b76512b01ae515
  subpackages:
  - validate
- name: github.com/sirupsen/logrus
  version: bcd833dfe83d3cebad139e4a29ed79cb2318bf95
- name: golang.org/x/net
  version: 5ccada7d0a7ba9aeb5d3aca8d3501b4c2a509fec
  subpackages:
  - context
  - context/ctxhttp
  - http2
  - http2/hpack
  - idna
  - internal/timeseries
  - lex/httplex
  - trace
- name: golang.org/x/oauth2
  version: 8f65e3013ebad444f13bc19536f7865efc793816
  subpackages:
  - google
  - internal
  - jws
  - jwt
- name: golang.org/x/sys
  version: acbc56fc7007d2a01796d5bde54f39e3b3e95945
  subpackages:
  - unix
- name: golang.org/x/text
  version: e19ae1496984b1c655b8044a65c0300a3c878dd3
  subpackages:
  - secure/bidirule
  - transform
  - unicode
  - unicode/bidi
  - unicode/norm
- name: google.golang.org/appengine
  version: 4a4468ece617fc8205e99368fa2200e9d1fad421
  subpackages:
  - internal
  - internal/app_identity
  - internal/base
  - internal/datastore
  - internal/log
  - internal/modules
  - internal/remote_api
  - internal/urlfetch
  - urlfetch
- name: google.golang.org/genproto
  version: a8101f21cf983e773d0c1133ebc5424792003214
  subpackages:
  - googleapis
  - googleapis/api
  - googleapis/api/annotations
  - googleapis/api/configchange
  - googleapis/api/label
  - googleapis/api/metric
  - googleapis/api/monitoredres
  - googleapis/api/serviceconfig
  - googleapis/longrunning
  - googleapis/rpc/status
  - opencensus
  - protobuf
  - protobuf/api
  - protobuf/field_mask
  - protobuf/ptype
  - protobuf/source_context
- name: google.golang.org/grpc
  version: df014850f6dee74ba2fc94874043a9f3f75fbfd8
  subpackages:
  - balancer
  - balancer/base
  - balancer/roundrobin
  - binarylog/grpc_binarylog_v1
  - codes
  - connectivity
  - credentials
  - credentials/internal
  - encoding
  - encoding/proto
  - grpclog
  - internal
  - internal/backoff
  - internal/binarylog
  - internal/channelz
  - internal/envconfig
  - internal/grpcrand
  - internal/grpcsync
  - internal/syscall
  - internal/transport
  - keepalive
  - metadata
  - naming
  - peer
  - resolver
  - resolver/dns
  - resolver/passthrough
  - stats
  - status
  - tap
- name: istio.io/gogo-genproto
  version: dd2b5b6a8f1400838165245e704a011a30154a44
testImports: []
