hash: 555b703b9aacdd7a2520079981089ab526e3dec30a7a35b7afd1be7b6b063f60
updated: 2019-04-19T23:15:30.319486492Z
imports:
- name: cloud.google.com/go
  version: 2a912322007f3a7f0b4e7e96ba0dfd8c4f347d33
  subpackages:
  - compute/metadata
  - logging
- name: github.com/envoyproxy/data-plane-api
  version: 4406edd4e29f5b7e254bdee75ef6354fdf756eb3
- name: github.com/envoyproxy/go-control-plane
  version: ba018e4c2c1e3c9d5a27347b8c24aac59d6ae1da
  subpackages:
  - envoy/api/v2
  - envoy/api/v2/auth
  - envoy/api/v2/cluster
  - envoy/api/v2/core
  - envoy/api/v2/endpoint
  - envoy/api/v2/listener
  - envoy/api/v2/route
  - envoy/config/filter/accesslog/v2
  - envoy/config/filter/http/jwt_authn/v2alpha
  - envoy/config/filter/http/router/v2
  - envoy/config/filter/http/transcoder/v2
  - envoy/config/filter/network/http_connection_manager/v2
  - envoy/service/discovery/v2
  - envoy/type
  - pkg/cache
  - pkg/log
  - pkg/server
  - pkg/util
- name: github.com/envoyproxy/protoc-gen-validate
  version: d6164de4910977d3c3c8dbd9299b5064ea9e7c2b
  subpackages:
  - validate
- name: github.com/gogo/googleapis
  version: 8558fb44d2f1fc223118afc694129d2c2d2924d1
  subpackages:
  - google/api
  - google/rpc
- name: github.com/gogo/protobuf
  version: ba06b47c162d49f2af050fb4c75bcbc86a159d5c
  subpackages:
  - gogoproto
  - jsonpb
  - proto
  - protoc-gen-gogo/descriptor
  - protoc-gen-gogofast
  - sortkeys
  - types
- name: github.com/golang/glog
  version: 23def4e6c14b4da8ac2ed8007337bc5eb5007998
- name: github.com/golang/protobuf
  version: b5d812f8a3706043e23a9cd5babf2e5423744d30
  subpackages:
  - jsonpb
  - proto
  - protoc-gen-go/descriptor
  - ptypes
  - ptypes/any
  - ptypes/duration
  - ptypes/empty
  - ptypes/struct
  - ptypes/timestamp
  - ptypes/wrappers
- name: github.com/google/go-genproto
  version: c830210a61dfaa790e1920f8d0470fc27bc2efbe
  subpackages:
  - googleapis/api/servicecontrol/v1
  - googleapis/api/servicemanagement/v1
- name: github.com/gorilla/mux
  version: 3d80bc801bb034e17cae38591335b3b1110f1c47
- name: github.com/lyft/protoc-gen-validate
  version: f9d2b11e44149635b23a002693b76512b01ae515
  subpackages:
  - validate
- name: github.com/sirupsen/logrus
  version: 8bdbc7bcc01dcbb8ec23dc8a28e332258d25251f
- name: golang.org/x/net
  version: 1c05540f6879653db88113bc4a2b70aec4bd491f
  subpackages:
  - context
  - context/ctxhttp
  - http2
  - http2/hpack
  - idna
  - internal/timeseries
  - lex/httplex
  - trace
- name: golang.org/x/oauth2
  version: 8f65e3013ebad444f13bc19536f7865efc793816
  subpackages:
  - google
  - internal
  - jws
  - jwt
- name: golang.org/x/sys
  version: acbc56fc7007d2a01796d5bde54f39e3b3e95945
  subpackages:
  - unix
- name: golang.org/x/text
  version: b19bf474d317b857955b12035d2c5acb57ce8b01
  subpackages:
  - secure/bidirule
  - transform
  - unicode
  - unicode/bidi
  - unicode/norm
- name: google.golang.org/appengine
  version: 4a4468ece617fc8205e99368fa2200e9d1fad421
  subpackages:
  - internal
  - internal/app_identity
  - internal/base
  - internal/datastore
  - internal/log
  - internal/modules
  - internal/remote_api
  - internal/urlfetch
  - urlfetch
- name: google.golang.org/genproto
  version: 5fe7a883aa19554f42890211544aa549836af7b7
  subpackages:
  - googleapis
  - googleapis/api
  - googleapis/api/annotations
  - googleapis/api/configchange
  - googleapis/api/label
  - googleapis/api/metric
  - googleapis/api/monitoredres
  - googleapis/api/serviceconfig
  - googleapis/logging/type
  - googleapis/longrunning
  - googleapis/rpc/status
  - googleapis/type/money
  - opencensus
  - protobuf
  - protobuf/api
  - protobuf/field_mask
  - protobuf/ptype
  - protobuf/source_context
- name: google.golang.org/grpc
  version: 25c4f928eaa6d96443009bd842389fb4fa48664e
  subpackages:
  - balancer
  - balancer/base
  - balancer/roundrobin
  - binarylog/grpc_binarylog_v1
  - codes
  - connectivity
  - credentials
  - credentials/internal
  - encoding
  - encoding/proto
  - grpclog
  - internal
  - internal/backoff
  - internal/balancerload
  - internal/binarylog
  - internal/channelz
  - internal/envconfig
  - internal/grpcrand
  - internal/grpcsync
  - internal/syscall
  - internal/transport
  - keepalive
  - metadata
  - naming
  - peer
  - resolver
  - resolver/dns
  - resolver/passthrough
  - stats
  - status
  - tap
- name: istio.io/gogo-genproto
  version: 6d926a6e6feb2c0a1a72234b4aafa638dca29956
testImports: []
